schema: '2.0'
stages:
  save_data:
    cmd: python src/save_data.py --config=params.yaml
    deps:
    - path: src/retrieve_data.py
      hash: md5
      md5: 2475b59d691ebf5e432f9eaa388d05a5
      size: 1535
    - path: src/save_data.py
      hash: md5
      md5: ca0f9cabc2eea63d4ed3dbd23533e99c
      size: 841
    outs:
    - path: artifacts/clean_data.csv
      hash: md5
      md5: 668305bbde40b709a3b2b620ba3bb05d
      size: 1825699
